
Microsoft Visual Studio Solution File, Format Version 12.00
# Visual Studio Version 17
VisualStudioVersion = 17.14.36301.6 d17.14
MinimumVisualStudioVersion = 10.0.40219.1
Project("{FAE04EC0-301F-11D3-BF4B-00C04F79EFBC}") = "Summative 1-6 - Cansion Dice Game", "Summative 1-6 - Cansion Dice Game.csproj", "{80ADDD79-5A60-42DC-98D7-B119626EF0A5}"
EndProject
Global
	GlobalSection(SolutionConfigurationPlatforms) = preSolution
		Debug|Any CPU = Debug|Any CPU
		Release|Any CPU = Release|Any CPU
	EndGlobalSection
	GlobalSection(ProjectConfigurationPlatforms) = postSolution
		{80ADDD79-5A60-42DC-98D7-B119626EF0A5}.Debug|Any CPU.ActiveCfg = Debug|Any CPU
		{80ADDD79-5A60-42DC-98D7-B119626EF0A5}.Debug|Any CPU.Build.0 = Debug|Any CPU
		{80ADDD79-5A60-42DC-98D7-B119626EF0A5}.Release|Any CPU.ActiveCfg = Release|Any CPU
		{80ADDD79-5A60-42DC-98D7-B119626EF0A5}.Release|Any CPU.Build.0 = Release|Any CPU
	EndGlobalSection
	GlobalSection(SolutionProperties) = preSolution
		HideSolutionNode = FALSE
	EndGlobalSection
	GlobalSection(ExtensibilityGlobals) = postSolution
		SolutionGuid = {3DAFF215-AE18-4615-A196-69BC8D68B6FE}
	EndGlobalSection
EndGlobal
